
Microsoft Visual Studio Solution File, Format Version 12.00
# Visual Studio Version 17
VisualStudioVersion = 17.7.34202.233
MinimumVisualStudioVersion = 10.0.40219.1
Project("{FAE04EC0-301F-11D3-BF4B-00C04F79EFBC}") = "ClubCafe", "ClubCafe\ClubCafe.csproj", "{3F5AF930-B886-4D54-9BE1-609AC5805A5B}"
EndProject
Global
	GlobalSection(SolutionConfigurationPlatforms) = preSolution
		Debug|Any CPU = Debug|Any CPU
		Release|Any CPU = Release|Any CPU
	EndGlobalSection
	GlobalSection(ProjectConfigurationPlatforms) = postSolution
		{3F5AF930-B886-4D54-9BE1-609AC5805A5B}.Debug|Any CPU.ActiveCfg = Debug|Any CPU
		{3F5AF930-B886-4D54-9BE1-609AC5805A5B}.Debug|Any CPU.Build.0 = Debug|Any CPU
		{3F5AF930-B886-4D54-9BE1-609AC5805A5B}.Release|Any CPU.ActiveCfg = Release|Any CPU
		{3F5AF930-B886-4D54-9BE1-609AC5805A5B}.Release|Any CPU.Build.0 = Release|Any CPU
	EndGlobalSection
	GlobalSection(SolutionProperties) = preSolution
		HideSolutionNode = FALSE
	EndGlobalSection
	GlobalSection(ExtensibilityGlobals) = postSolution
		SolutionGuid = {94C9D0D1-C0CF-457C-A8F5-3EB37BFF84D0}
	EndGlobalSection
EndGlobal
